
Microsoft Visual Studio Solution File, Format Version 12.00
# Visual Studio Version 17
VisualStudioVersion = 17.7.34024.191
MinimumVisualStudioVersion = 10.0.40219.1
Project("{9A19103F-16F7-4668-BE54-9A1E7A4F7556}") = "PZ_01", "PZ_01\PZ_01.csproj", "{9BB7808E-B183-4403-A31C-66FD492B8FF6}"
EndProject
Project("{9A19103F-16F7-4668-BE54-9A1E7A4F7556}") = "PZ_02", "PZ_02\PZ_02.csproj", "{1CE1BA91-4512-414C-8E36-F056E25EF734}"
EndProject
Project("{9A19103F-16F7-4668-BE54-9A1E7A4F7556}") = "PZ_03", "PZ_03\PZ_03.csproj", "{C0574A34-167C-4ECA-B170-D6AA2E9B61E9}"
EndProject
Project("{9A19103F-16F7-4668-BE54-9A1E7A4F7556}") = "PZ_03 (доп)", "PZ_03 (доп)\PZ_03 (доп).csproj", "{5530DE05-EBF6-4D4B-B061-9BA17CE71EFE}"
EndProject
Project("{9A19103F-16F7-4668-BE54-9A1E7A4F7556}") = "PZ_04", "PZ_04\PZ_04.csproj", "{B0A47DE5-6C9E-42F3-80BB-E6C686546364}"
EndProject
Project("{9A19103F-16F7-4668-BE54-9A1E7A4F7556}") = "PZ_05", "PZ_05\PZ_05.csproj", "{C0E3D7EA-0AF4-49D0-9277-FFE76DF9BFAA}"
EndProject
Project("{9A19103F-16F7-4668-BE54-9A1E7A4F7556}") = "PZ_06", "PZ_06\PZ_06.csproj", "{3C09FFEC-62FE-4B36-8973-2B53280FF1A8}"
EndProject
Project("{9A19103F-16F7-4668-BE54-9A1E7A4F7556}") = "PZ_07", "PZ_07\PZ_07.csproj", "{2BB0A987-AF64-4E55-926C-41F0753C01DB}"
EndProject
Project("{9A19103F-16F7-4668-BE54-9A1E7A4F7556}") = "PZ_08", "PZ_08\PZ_08.csproj", "{6F875D40-6C43-4DB7-BD65-E193ED19E1B1}"
EndProject
Project("{9A19103F-16F7-4668-BE54-9A1E7A4F7556}") = "Задача для закрепления", "Задача для закрепления\Задача для закрепления.csproj", "{C6E4B617-279A-48B3-8269-C8C4A1D13D0E}"
EndProject
Project("{9A19103F-16F7-4668-BE54-9A1E7A4F7556}") = "PZ_9", "PZ_9\PZ_9.csproj", "{49954E46-0878-4484-BE1B-9D7D5EA28D7B}"
EndProject
Project("{9A19103F-16F7-4668-BE54-9A1E7A4F7556}") = "PZ_10", "PZ_10\PZ_10.csproj", "{A4219887-A967-4D9F-87B3-7EBC5FBCA016}"
EndProject
Project("{9A19103F-16F7-4668-BE54-9A1E7A4F7556}") = "PZ_11", "PZ_11\PZ_11.csproj", "{E6CA6881-8C46-49AD-AEF5-F88020655C01}"
EndProject
Project("{9A19103F-16F7-4668-BE54-9A1E7A4F7556}") = "PZ_12", "PZ_12\PZ_12.csproj", "{12A4BBE1-B626-48AB-BF8D-9623783E5AEB}"
EndProject
Project("{FAE04EC0-301F-11D3-BF4B-00C04F79EFBC}") = "PZ_13", "PZ_13\PZ_13.csproj", "{3F7AA608-A277-4264-8CFD-CEBC3A755E9E}"
EndProject
Global
	GlobalSection(SolutionConfigurationPlatforms) = preSolution
		Debug|Any CPU = Debug|Any CPU
		Release|Any CPU = Release|Any CPU
	EndGlobalSection
	GlobalSection(ProjectConfigurationPlatforms) = postSolution
		{9BB7808E-B183-4403-A31C-66FD492B8FF6}.Debug|Any CPU.ActiveCfg = Debug|Any CPU
		{9BB7808E-B183-4403-A31C-66FD492B8FF6}.Debug|Any CPU.Build.0 = Debug|Any CPU
		{9BB7808E-B183-4403-A31C-66FD492B8FF6}.Release|Any CPU.ActiveCfg = Release|Any CPU
		{9BB7808E-B183-4403-A31C-66FD492B8FF6}.Release|Any CPU.Build.0 = Release|Any CPU
		{1CE1BA91-4512-414C-8E36-F056E25EF734}.Debug|Any CPU.ActiveCfg = Debug|Any CPU
		{1CE1BA91-4512-414C-8E36-F056E25EF734}.Debug|Any CPU.Build.0 = Debug|Any CPU
		{1CE1BA91-4512-414C-8E36-F056E25EF734}.Release|Any CPU.ActiveCfg = Release|Any CPU
		{1CE1BA91-4512-414C-8E36-F056E25EF734}.Release|Any CPU.Build.0 = Release|Any CPU
		{C0574A34-167C-4ECA-B170-D6AA2E9B61E9}.Debug|Any CPU.ActiveCfg = Debug|Any CPU
		{C0574A34-167C-4ECA-B170-D6AA2E9B61E9}.Debug|Any CPU.Build.0 = Debug|Any CPU
		{C0574A34-167C-4ECA-B170-D6AA2E9B61E9}.Release|Any CPU.ActiveCfg = Release|Any CPU
		{C0574A34-167C-4ECA-B170-D6AA2E9B61E9}.Release|Any CPU.Build.0 = Release|Any CPU
		{5530DE05-EBF6-4D4B-B061-9BA17CE71EFE}.Debug|Any CPU.ActiveCfg = Debug|Any CPU
		{5530DE05-EBF6-4D4B-B061-9BA17CE71EFE}.Debug|Any CPU.Build.0 = Debug|Any CPU
		{5530DE05-EBF6-4D4B-B061-9BA17CE71EFE}.Release|Any CPU.ActiveCfg = Release|Any CPU
		{5530DE05-EBF6-4D4B-B061-9BA17CE71EFE}.Release|Any CPU.Build.0 = Release|Any CPU
		{B0A47DE5-6C9E-42F3-80BB-E6C686546364}.Debug|Any CPU.ActiveCfg = Debug|Any CPU
		{B0A47DE5-6C9E-42F3-80BB-E6C686546364}.Debug|Any CPU.Build.0 = Debug|Any CPU
		{B0A47DE5-6C9E-42F3-80BB-E6C686546364}.Release|Any CPU.ActiveCfg = Release|Any CPU
		{B0A47DE5-6C9E-42F3-80BB-E6C686546364}.Release|Any CPU.Build.0 = Release|Any CPU
		{C0E3D7EA-0AF4-49D0-9277-FFE76DF9BFAA}.Debug|Any CPU.ActiveCfg = Debug|Any CPU
		{C0E3D7EA-0AF4-49D0-9277-FFE76DF9BFAA}.Debug|Any CPU.Build.0 = Debug|Any CPU
		{C0E3D7EA-0AF4-49D0-9277-FFE76DF9BFAA}.Release|Any CPU.ActiveCfg = Release|Any CPU
		{C0E3D7EA-0AF4-49D0-9277-FFE76DF9BFAA}.Release|Any CPU.Build.0 = Release|Any CPU
		{3C09FFEC-62FE-4B36-8973-2B53280FF1A8}.Debug|Any CPU.ActiveCfg = Debug|Any CPU
		{3C09FFEC-62FE-4B36-8973-2B53280FF1A8}.Debug|Any CPU.Build.0 = Debug|Any CPU
		{3C09FFEC-62FE-4B36-8973-2B53280FF1A8}.Release|Any CPU.ActiveCfg = Release|Any CPU
		{3C09FFEC-62FE-4B36-8973-2B53280FF1A8}.Release|Any CPU.Build.0 = Release|Any CPU
		{2BB0A987-AF64-4E55-926C-41F0753C01DB}.Debug|Any CPU.ActiveCfg = Debug|Any CPU
		{2BB0A987-AF64-4E55-926C-41F0753C01DB}.Debug|Any CPU.Build.0 = Debug|Any CPU
		{2BB0A987-AF64-4E55-926C-41F0753C01DB}.Release|Any CPU.ActiveCfg = Release|Any CPU
		{2BB0A987-AF64-4E55-926C-41F0753C01DB}.Release|Any CPU.Build.0 = Release|Any CPU
		{6F875D40-6C43-4DB7-BD65-E193ED19E1B1}.Debug|Any CPU.ActiveCfg = Debug|Any CPU
		{6F875D40-6C43-4DB7-BD65-E193ED19E1B1}.Debug|Any CPU.Build.0 = Debug|Any CPU
		{6F875D40-6C43-4DB7-BD65-E193ED19E1B1}.Release|Any CPU.ActiveCfg = Release|Any CPU
		{6F875D40-6C43-4DB7-BD65-E193ED19E1B1}.Release|Any CPU.Build.0 = Release|Any CPU
		{C6E4B617-279A-48B3-8269-C8C4A1D13D0E}.Debug|Any CPU.ActiveCfg = Debug|Any CPU
		{C6E4B617-279A-48B3-8269-C8C4A1D13D0E}.Debug|Any CPU.Build.0 = Debug|Any CPU
		{C6E4B617-279A-48B3-8269-C8C4A1D13D0E}.Release|Any CPU.ActiveCfg = Release|Any CPU
		{C6E4B617-279A-48B3-8269-C8C4A1D13D0E}.Release|Any CPU.Build.0 = Release|Any CPU
		{49954E46-0878-4484-BE1B-9D7D5EA28D7B}.Debug|Any CPU.ActiveCfg = Debug|Any CPU
		{49954E46-0878-4484-BE1B-9D7D5EA28D7B}.Debug|Any CPU.Build.0 = Debug|Any CPU
		{49954E46-0878-4484-BE1B-9D7D5EA28D7B}.Release|Any CPU.ActiveCfg = Release|Any CPU
		{49954E46-0878-4484-BE1B-9D7D5EA28D7B}.Release|Any CPU.Build.0 = Release|Any CPU
		{A4219887-A967-4D9F-87B3-7EBC5FBCA016}.Debug|Any CPU.ActiveCfg = Debug|Any CPU
		{A4219887-A967-4D9F-87B3-7EBC5FBCA016}.Debug|Any CPU.Build.0 = Debug|Any CPU
		{A4219887-A967-4D9F-87B3-7EBC5FBCA016}.Release|Any CPU.ActiveCfg = Release|Any CPU
		{A4219887-A967-4D9F-87B3-7EBC5FBCA016}.Release|Any CPU.Build.0 = Release|Any CPU
		{E6CA6881-8C46-49AD-AEF5-F88020655C01}.Debug|Any CPU.ActiveCfg = Debug|Any CPU
		{E6CA6881-8C46-49AD-AEF5-F88020655C01}.Debug|Any CPU.Build.0 = Debug|Any CPU
		{E6CA6881-8C46-49AD-AEF5-F88020655C01}.Release|Any CPU.ActiveCfg = Release|Any CPU
		{E6CA6881-8C46-49AD-AEF5-F88020655C01}.Release|Any CPU.Build.0 = Release|Any CPU
		{12A4BBE1-B626-48AB-BF8D-9623783E5AEB}.Debug|Any CPU.ActiveCfg = Debug|Any CPU
		{12A4BBE1-B626-48AB-BF8D-9623783E5AEB}.Debug|Any CPU.Build.0 = Debug|Any CPU
		{12A4BBE1-B626-48AB-BF8D-9623783E5AEB}.Release|Any CPU.ActiveCfg = Release|Any CPU
		{12A4BBE1-B626-48AB-BF8D-9623783E5AEB}.Release|Any CPU.Build.0 = Release|Any CPU
		{3F7AA608-A277-4264-8CFD-CEBC3A755E9E}.Debug|Any CPU.ActiveCfg = Debug|Any CPU
		{3F7AA608-A277-4264-8CFD-CEBC3A755E9E}.Debug|Any CPU.Build.0 = Debug|Any CPU
		{3F7AA608-A277-4264-8CFD-CEBC3A755E9E}.Release|Any CPU.ActiveCfg = Release|Any CPU
		{3F7AA608-A277-4264-8CFD-CEBC3A755E9E}.Release|Any CPU.Build.0 = Release|Any CPU
	EndGlobalSection
	GlobalSection(SolutionProperties) = preSolution
		HideSolutionNode = FALSE
	EndGlobalSection
	GlobalSection(ExtensibilityGlobals) = postSolution
		SolutionGuid = {FF58F96B-D235-4DD5-A047-9F4A938E9B9D}
	EndGlobalSection
EndGlobal
